// !$*UTF8*$!
{
	archiveVersion = 1;
	classes = {
	};
	objectVersion = 55;
	objects = {

/* Begin PBXBuildFile section */
		9016B668287416390066F0B5 /* DestinationStorage.swift in Sources */ = {isa = PBXBuildFile; fileRef = 9016B667287416390066F0B5 /* DestinationStorage.swift */; };
		9016B66A287419040066F0B5 /* DestinationHeaderView.swift in Sources */ = {isa = PBXBuildFile; fileRef = 9016B669287419040066F0B5 /* DestinationHeaderView.swift */; };
		9021EA23287123BD000E3132 /* SpaceTourismMultiPageWebsiteApp.swift in Sources */ = {isa = PBXBuildFile; fileRef = 9021EA13287123BC000E3132 /* SpaceTourismMultiPageWebsiteApp.swift */; };
		9021EA24287123BD000E3132 /* SpaceTourismMultiPageWebsiteApp.swift in Sources */ = {isa = PBXBuildFile; fileRef = 9021EA13287123BC000E3132 /* SpaceTourismMultiPageWebsiteApp.swift */; };
		9021EA25287123BD000E3132 /* ContentView.swift in Sources */ = {isa = PBXBuildFile; fileRef = 9021EA14287123BC000E3132 /* ContentView.swift */; };
		9021EA26287123BD000E3132 /* ContentView.swift in Sources */ = {isa = PBXBuildFile; fileRef = 9021EA14287123BC000E3132 /* ContentView.swift */; };
		9021EA27287123BD000E3132 /* Assets.xcassets in Resources */ = {isa = PBXBuildFile; fileRef = 9021EA15287123BD000E3132 /* Assets.xcassets */; };
		9021EA28287123BD000E3132 /* Assets.xcassets in Resources */ = {isa = PBXBuildFile; fileRef = 9021EA15287123BD000E3132 /* Assets.xcassets */; };
		9021EA352872AB4D000E3132 /* BackgroundView.swift in Sources */ = {isa = PBXBuildFile; fileRef = 9021EA342872AB4D000E3132 /* BackgroundView.swift */; };
		9021EA372872ABBC000E3132 /* TopNavigationView.swift in Sources */ = {isa = PBXBuildFile; fileRef = 9021EA362872ABBC000E3132 /* TopNavigationView.swift */; };
		9021EA392872ABE4000E3132 /* LogoView.swift in Sources */ = {isa = PBXBuildFile; fileRef = 9021EA382872ABE4000E3132 /* LogoView.swift */; };
		9021EA3B2872AC17000E3132 /* MenuView.swift in Sources */ = {isa = PBXBuildFile; fileRef = 9021EA3A2872AC17000E3132 /* MenuView.swift */; };
		9021EA3D2872ADF1000E3132 /* TitleView.swift in Sources */ = {isa = PBXBuildFile; fileRef = 9021EA3C2872ADF1000E3132 /* TitleView.swift */; };
		9021EA3F2872AF70000E3132 /* ExploreButtonView.swift in Sources */ = {isa = PBXBuildFile; fileRef = 9021EA3E2872AF70000E3132 /* ExploreButtonView.swift */; };
		9021EA412872B276000E3132 /* WelcomeView.swift in Sources */ = {isa = PBXBuildFile; fileRef = 9021EA402872B276000E3132 /* WelcomeView.swift */; };
		9021EA432872B2AD000E3132 /* DestinationView.swift in Sources */ = {isa = PBXBuildFile; fileRef = 9021EA422872B2AD000E3132 /* DestinationView.swift */; };
		9021EA452872B803000E3132 /* GlobalStates.swift in Sources */ = {isa = PBXBuildFile; fileRef = 9021EA442872B803000E3132 /* GlobalStates.swift */; };
/* End PBXBuildFile section */

/* Begin PBXFileReference section */
		9016B667287416390066F0B5 /* DestinationStorage.swift */ = {isa = PBXFileReference; lastKnownFileType = sourcecode.swift; path = DestinationStorage.swift; sourceTree = "<group>"; };
		9016B669287419040066F0B5 /* DestinationHeaderView.swift */ = {isa = PBXFileReference; lastKnownFileType = sourcecode.swift; path = DestinationHeaderView.swift; sourceTree = "<group>"; };
		9021EA13287123BC000E3132 /* SpaceTourismMultiPageWebsiteApp.swift */ = {isa = PBXFileReference; lastKnownFileType = sourcecode.swift; path = SpaceTourismMultiPageWebsiteApp.swift; sourceTree = "<group>"; };
		9021EA14287123BC000E3132 /* ContentView.swift */ = {isa = PBXFileReference; lastKnownFileType = sourcecode.swift; path = ContentView.swift; sourceTree = "<group>"; };
		9021EA15287123BD000E3132 /* Assets.xcassets */ = {isa = PBXFileReference; lastKnownFileType = folder.assetcatalog; path = Assets.xcassets; sourceTree = "<group>"; };
		9021EA1A287123BD000E3132 /* Space Tourism Multi Page Website.app */ = {isa = PBXFileReference; explicitFileType = wrapper.application; includeInIndex = 0; path = "Space Tourism Multi Page Website.app"; sourceTree = BUILT_PRODUCTS_DIR; };
		9021EA20287123BD000E3132 /* Space Tourism Multi Page Website.app */ = {isa = PBXFileReference; explicitFileType = wrapper.application; includeInIndex = 0; path = "Space Tourism Multi Page Website.app"; sourceTree = BUILT_PRODUCTS_DIR; };
		9021EA22287123BD000E3132 /* macOS.entitlements */ = {isa = PBXFileReference; lastKnownFileType = text.plist.entitlements; path = macOS.entitlements; sourceTree = "<group>"; };
		9021EA342872AB4D000E3132 /* BackgroundView.swift */ = {isa = PBXFileReference; lastKnownFileType = sourcecode.swift; path = BackgroundView.swift; sourceTree = "<group>"; };
		9021EA362872ABBC000E3132 /* TopNavigationView.swift */ = {isa = PBXFileReference; lastKnownFileType = sourcecode.swift; path = TopNavigationView.swift; sourceTree = "<group>"; };
		9021EA382872ABE4000E3132 /* LogoView.swift */ = {isa = PBXFileReference; lastKnownFileType = sourcecode.swift; path = LogoView.swift; sourceTree = "<group>"; };
		9021EA3A2872AC17000E3132 /* MenuView.swift */ = {isa = PBXFileReference; lastKnownFileType = sourcecode.swift; path = MenuView.swift; sourceTree = "<group>"; };
		9021EA3C2872ADF1000E3132 /* TitleView.swift */ = {isa = PBXFileReference; lastKnownFileType = sourcecode.swift; path = TitleView.swift; sourceTree = "<group>"; };
		9021EA3E2872AF70000E3132 /* ExploreButtonView.swift */ = {isa = PBXFileReference; lastKnownFileType = sourcecode.swift; path = ExploreButtonView.swift; sourceTree = "<group>"; };
		9021EA402872B276000E3132 /* WelcomeView.swift */ = {isa = PBXFileReference; lastKnownFileType = sourcecode.swift; path = WelcomeView.swift; sourceTree = "<group>"; };
		9021EA422872B2AD000E3132 /* DestinationView.swift */ = {isa = PBXFileReference; lastKnownFileType = sourcecode.swift; path = DestinationView.swift; sourceTree = "<group>"; };
		9021EA442872B803000E3132 /* GlobalStates.swift */ = {isa = PBXFileReference; lastKnownFileType = sourcecode.swift; path = GlobalStates.swift; sourceTree = "<group>"; };
/* End PBXFileReference section */

/* Begin PBXFrameworksBuildPhase section */
		9021EA17287123BD000E3132 /* Frameworks */ = {
			isa = PBXFrameworksBuildPhase;
			buildActionMask = 2147483647;
			files = (
			);
			runOnlyForDeploymentPostprocessing = 0;
		};
		9021EA1D287123BD000E3132 /* Frameworks */ = {
			isa = PBXFrameworksBuildPhase;
			buildActionMask = 2147483647;
			files = (
			);
			runOnlyForDeploymentPostprocessing = 0;
		};
/* End PBXFrameworksBuildPhase section */

/* Begin PBXGroup section */
		9021EA0D287123BC000E3132 = {
			isa = PBXGroup;
			children = (
				9021EA12287123BC000E3132 /* Shared */,
				9021EA21287123BD000E3132 /* macOS */,
				9021EA1B287123BD000E3132 /* Products */,
			);
			sourceTree = "<group>";
		};
		9021EA12287123BC000E3132 /* Shared */ = {
			isa = PBXGroup;
			children = (
				9021EA33287123DF000E3132 /* Models */,
				9021EA32287123D8000E3132 /* App */,
				9021EA31287123D2000E3132 /* Views */,
			);
			path = Shared;
			sourceTree = "<group>";
		};
		9021EA1B287123BD000E3132 /* Products */ = {
			isa = PBXGroup;
			children = (
				9021EA1A287123BD000E3132 /* Space Tourism Multi Page Website.app */,
				9021EA20287123BD000E3132 /* Space Tourism Multi Page Website.app */,
			);
			name = Products;
			sourceTree = "<group>";
		};
		9021EA21287123BD000E3132 /* macOS */ = {
			isa = PBXGroup;
			children = (
				9021EA22287123BD000E3132 /* macOS.entitlements */,
			);
			path = macOS;
			sourceTree = "<group>";
		};
		9021EA31287123D2000E3132 /* Views */ = {
			isa = PBXGroup;
			children = (
				9021EA14287123BC000E3132 /* ContentView.swift */,
				9021EA422872B2AD000E3132 /* DestinationView.swift */,
				9016B669287419040066F0B5 /* DestinationHeaderView.swift */,
				9021EA3C2872ADF1000E3132 /* TitleView.swift */,
				9021EA362872ABBC000E3132 /* TopNavigationView.swift */,
				9021EA3E2872AF70000E3132 /* ExploreButtonView.swift */,
				9021EA3A2872AC17000E3132 /* MenuView.swift */,
				9021EA382872ABE4000E3132 /* LogoView.swift */,
				9021EA342872AB4D000E3132 /* BackgroundView.swift */,
				9021EA402872B276000E3132 /* WelcomeView.swift */,
			);
			path = Views;
			sourceTree = "<group>";
		};
		9021EA32287123D8000E3132 /* App */ = {
			isa = PBXGroup;
			children = (
				9021EA15287123BD000E3132 /* Assets.xcassets */,
				9021EA13287123BC000E3132 /* SpaceTourismMultiPageWebsiteApp.swift */,
			);
			path = App;
			sourceTree = "<group>";
		};
		9021EA33287123DF000E3132 /* Models */ = {
			isa = PBXGroup;
			children = (
				9021EA442872B803000E3132 /* GlobalStates.swift */,
				9016B667287416390066F0B5 /* DestinationStorage.swift */,
			);
			path = Models;
			sourceTree = "<group>";
		};
/* End PBXGroup section */

/* Begin PBXNativeTarget section */
		9021EA19287123BD000E3132 /* Space Tourism Multi Page Website (iOS) */ = {
			isa = PBXNativeTarget;
			buildConfigurationList = 9021EA2B287123BD000E3132 /* Build configuration list for PBXNativeTarget "Space Tourism Multi Page Website (iOS)" */;
			buildPhases = (
				9021EA16287123BD000E3132 /* Sources */,
				9021EA17287123BD000E3132 /* Frameworks */,
				9021EA18287123BD000E3132 /* Resources */,
			);
			buildRules = (
			);
			dependencies = (
			);
			name = "Space Tourism Multi Page Website (iOS)";
			productName = "SpaceTourismMultiPageWebsite (iOS)";
			productReference = 9021EA1A287123BD000E3132 /* Space Tourism Multi Page Website.app */;
			productType = "com.apple.product-type.application";
		};
		9021EA1F287123BD000E3132 /* Space Tourism Multi Page Website (macOS) */ = {
			isa = PBXNativeTarget;
			buildConfigurationList = 9021EA2E287123BD000E3132 /* Build configuration list for PBXNativeTarget "Space Tourism Multi Page Website (macOS)" */;
			buildPhases = (
				9021EA1C287123BD000E3132 /* Sources */,
				9021EA1D287123BD000E3132 /* Frameworks */,
				9021EA1E287123BD000E3132 /* Resources */,
			);
			buildRules = (
			);
			dependencies = (
			);
			name = "Space Tourism Multi Page Website (macOS)";
			productName = "SpaceTourismMultiPageWebsite (macOS)";
			productReference = 9021EA20287123BD000E3132 /* Space Tourism Multi Page Website.app */;
			productType = "com.apple.product-type.application";
		};
/* End PBXNativeTarget section */

/* Begin PBXProject section */
		9021EA0E287123BC000E3132 /* Project object */ = {
			isa = PBXProject;
			attributes = {
				BuildIndependentTargetsInParallel = 1;
				LastSwiftUpdateCheck = 1340;
				LastUpgradeCheck = 1340;
				TargetAttributes = {
					9021EA19287123BD000E3132 = {
						CreatedOnToolsVersion = 13.4.1;
					};
					9021EA1F287123BD000E3132 = {
						CreatedOnToolsVersion = 13.4.1;
					};
				};
			};
			buildConfigurationList = 9021EA11287123BC000E3132 /* Build configuration list for PBXProject "Space Tourism Multi Page Website" */;
			compatibilityVersion = "Xcode 13.0";
			developmentRegion = en;
			hasScannedForEncodings = 0;
			knownRegions = (
				en,
				Base,
			);
			mainGroup = 9021EA0D287123BC000E3132;
			productRefGroup = 9021EA1B287123BD000E3132 /* Products */;
			projectDirPath = "";
			projectRoot = "";
			targets = (
				9021EA19287123BD000E3132 /* Space Tourism Multi Page Website (iOS) */,
				9021EA1F287123BD000E3132 /* Space Tourism Multi Page Website (macOS) */,
			);
		};
/* End PBXProject section */

/* Begin PBXResourcesBuildPhase section */
		9021EA18287123BD000E3132 /* Resources */ = {
			isa = PBXResourcesBuildPhase;
			buildActionMask = 2147483647;
			files = (
				9021EA27287123BD000E3132 /* Assets.xcassets in Resources */,
			);
			runOnlyForDeploymentPostprocessing = 0;
		};
		9021EA1E287123BD000E3132 /* Resources */ = {
			isa = PBXResourcesBuildPhase;
			buildActionMask = 2147483647;
			files = (
				9021EA28287123BD000E3132 /* Assets.xcassets in Resources */,
			);
			runOnlyForDeploymentPostprocessing = 0;
		};
/* End PBXResourcesBuildPhase section */

/* Begin PBXSourcesBuildPhase section */
		9021EA16287123BD000E3132 /* Sources */ = {
			isa = PBXSourcesBuildPhase;
			buildActionMask = 2147483647;
			files = (
				9021EA3F2872AF70000E3132 /* ExploreButtonView.swift in Sources */,
				9021EA392872ABE4000E3132 /* LogoView.swift in Sources */,
				9016B66A287419040066F0B5 /* DestinationHeaderView.swift in Sources */,
				9021EA3B2872AC17000E3132 /* MenuView.swift in Sources */,
				9021EA372872ABBC000E3132 /* TopNavigationView.swift in Sources */,
				9021EA412872B276000E3132 /* WelcomeView.swift in Sources */,
				9021EA3D2872ADF1000E3132 /* TitleView.swift in Sources */,
				9021EA452872B803000E3132 /* GlobalStates.swift in Sources */,
				9021EA352872AB4D000E3132 /* BackgroundView.swift in Sources */,
				9021EA432872B2AD000E3132 /* DestinationView.swift in Sources */,
				9021EA25287123BD000E3132 /* ContentView.swift in Sources */,
				9016B668287416390066F0B5 /* DestinationStorage.swift in Sources */,
				9021EA23287123BD000E3132 /* SpaceTourismMultiPageWebsiteApp.swift in Sources */,
			);
			runOnlyForDeploymentPostprocessing = 0;
		};
		9021EA1C287123BD000E3132 /* Sources */ = {
			isa = PBXSourcesBuildPhase;
			buildActionMask = 2147483647;
			files = (
				9021EA26287123BD000E3132 /* ContentView.swift in Sources */,
				9021EA24287123BD000E3132 /* SpaceTourismMultiPageWebsiteApp.swift in Sources */,
			);
			runOnlyForDeploymentPostprocessing = 0;
		};
/* End PBXSourcesBuildPhase section */

/* Begin XCBuildConfiguration section */
		9021EA29287123BD000E3132 /* Debug */ = {
			isa = XCBuildConfiguration;
			buildSettings = {
				ALWAYS_SEARCH_USER_PATHS = NO;
				CLANG_ANALYZER_NONNULL = YES;
				CLANG_ANALYZER_NUMBER_OBJECT_CONVERSION = YES_AGGRESSIVE;
				CLANG_CXX_LANGUAGE_STANDARD = "gnu++17";
				CLANG_ENABLE_MODULES = YES;
				CLANG_ENABLE_OBJC_ARC = YES;
				CLANG_ENABLE_OBJC_WEAK = YES;
				CLANG_WARN_BLOCK_CAPTURE_AUTORELEASING = YES;
				CLANG_WARN_BOOL_CONVERSION = YES;
				CLANG_WARN_COMMA = YES;
				CLANG_WARN_CONSTANT_CONVERSION = YES;
				CLANG_WARN_DEPRECATED_OBJC_IMPLEMENTATIONS = YES;
				CLANG_WARN_DIRECT_OBJC_ISA_USAGE = YES_ERROR;
				CLANG_WARN_DOCUMENTATION_COMMENTS = YES;
				CLANG_WARN_EMPTY_BODY = YES;
				CLANG_WARN_ENUM_CONVERSION = YES;
				CLANG_WARN_INFINITE_RECURSION = YES;
				CLANG_WARN_INT_CONVERSION = YES;
				CLANG_WARN_NON_LITERAL_NULL_CONVERSION = YES;
				CLANG_WARN_OBJC_IMPLICIT_RETAIN_SELF = YES;
				CLANG_WARN_OBJC_LITERAL_CONVERSION = YES;
				CLANG_WARN_OBJC_ROOT_CLASS = YES_ERROR;
				CLANG_WARN_QUOTED_INCLUDE_IN_FRAMEWORK_HEADER = YES;
				CLANG_WARN_RANGE_LOOP_ANALYSIS = YES;
				CLANG_WARN_STRICT_PROTOTYPES = YES;
				CLANG_WARN_SUSPICIOUS_MOVE = YES;
				CLANG_WARN_UNGUARDED_AVAILABILITY = YES_AGGRESSIVE;
				CLANG_WARN_UNREACHABLE_CODE = YES;
				CLANG_WARN__DUPLICATE_METHOD_MATCH = YES;
				COPY_PHASE_STRIP = NO;
				DEBUG_INFORMATION_FORMAT = dwarf;
				ENABLE_STRICT_OBJC_MSGSEND = YES;
				ENABLE_TESTABILITY = YES;
				GCC_C_LANGUAGE_STANDARD = gnu11;
				GCC_DYNAMIC_NO_PIC = NO;
				GCC_NO_COMMON_BLOCKS = YES;
				GCC_OPTIMIZATION_LEVEL = 0;
				GCC_PREPROCESSOR_DEFINITIONS = (
					"DEBUG=1",
					"$(inherited)",
				);
				GCC_WARN_64_TO_32_BIT_CONVERSION = YES;
				GCC_WARN_ABOUT_RETURN_TYPE = YES_ERROR;
				GCC_WARN_UNDECLARED_SELECTOR = YES;
				GCC_WARN_UNINITIALIZED_AUTOS = YES_AGGRESSIVE;
				GCC_WARN_UNUSED_FUNCTION = YES;
				GCC_WARN_UNUSED_VARIABLE = YES;
				IPHONEOS_DEPLOYMENT_TARGET = 15.5;
				MACOSX_DEPLOYMENT_TARGET = 12.3;
				MTL_ENABLE_DEBUG_INFO = INCLUDE_SOURCE;
				MTL_FAST_MATH = YES;
				ONLY_ACTIVE_ARCH = YES;
				SWIFT_ACTIVE_COMPILATION_CONDITIONS = DEBUG;
				SWIFT_OPTIMIZATION_LEVEL = "-Onone";
			};
			name = Debug;
		};
		9021EA2A287123BD000E3132 /* Release */ = {
			isa = XCBuildConfiguration;
			buildSettings = {
				ALWAYS_SEARCH_USER_PATHS = NO;
				CLANG_ANALYZER_NONNULL = YES;
				CLANG_ANALYZER_NUMBER_OBJECT_CONVERSION = YES_AGGRESSIVE;
				CLANG_CXX_LANGUAGE_STANDARD = "gnu++17";
				CLANG_ENABLE_MODULES = YES;
				CLANG_ENABLE_OBJC_ARC = YES;
				CLANG_ENABLE_OBJC_WEAK = YES;
				CLANG_WARN_BLOCK_CAPTURE_AUTORELEASING = YES;
				CLANG_WARN_BOOL_CONVERSION = YES;
				CLANG_WARN_COMMA = YES;
				CLANG_WARN_CONSTANT_CONVERSION = YES;
				CLANG_WARN_DEPRECATED_OBJC_IMPLEMENTATIONS = YES;
				CLANG_WARN_DIRECT_OBJC_ISA_USAGE = YES_ERROR;
				CLANG_WARN_DOCUMENTATION_COMMENTS = YES;
				CLANG_WARN_EMPTY_BODY = YES;
				CLANG_WARN_ENUM_CONVERSION = YES;
				CLANG_WARN_INFINITE_RECURSION = YES;
				CLANG_WARN_INT_CONVERSION = YES;
				CLANG_WARN_NON_LITERAL_NULL_CONVERSION = YES;
				CLANG_WARN_OBJC_IMPLICIT_RETAIN_SELF = YES;
				CLANG_WARN_OBJC_LITERAL_CONVERSION = YES;
				CLANG_WARN_OBJC_ROOT_CLASS = YES_ERROR;
				CLANG_WARN_QUOTED_INCLUDE_IN_FRAMEWORK_HEADER = YES;
				CLANG_WARN_RANGE_LOOP_ANALYSIS = YES;
				CLANG_WARN_STRICT_PROTOTYPES = YES;
				CLANG_WARN_SUSPICIOUS_MOVE = YES;
				CLANG_WARN_UNGUARDED_AVAILABILITY = YES_AGGRESSIVE;
				CLANG_WARN_UNREACHABLE_CODE = YES;
				CLANG_WARN__DUPLICATE_METHOD_MATCH = YES;
				COPY_PHASE_STRIP = NO;
				DEBUG_INFORMATION_FORMAT = "dwarf-with-dsym";
				ENABLE_NS_ASSERTIONS = NO;
				ENABLE_STRICT_OBJC_MSGSEND = YES;
				GCC_C_LANGUAGE_STANDARD = gnu11;
				GCC_NO_COMMON_BLOCKS = YES;
				GCC_WARN_64_TO_32_BIT_CONVERSION = YES;
				GCC_WARN_ABOUT_RETURN_TYPE = YES_ERROR;
				GCC_WARN_UNDECLARED_SELECTOR = YES;
				GCC_WARN_UNINITIALIZED_AUTOS = YES_AGGRESSIVE;
				GCC_WARN_UNUSED_FUNCTION = YES;
				GCC_WARN_UNUSED_VARIABLE = YES;
				IPHONEOS_DEPLOYMENT_TARGET = 15.5;
				MACOSX_DEPLOYMENT_TARGET = 12.3;
				MTL_ENABLE_DEBUG_INFO = NO;
				MTL_FAST_MATH = YES;
				SWIFT_COMPILATION_MODE = wholemodule;
				SWIFT_OPTIMIZATION_LEVEL = "-O";
			};
			name = Release;
		};
		9021EA2C287123BD000E3132 /* Debug */ = {
			isa = XCBuildConfiguration;
			buildSettings = {
				ASSETCATALOG_COMPILER_APPICON_NAME = AppIcon;
				ASSETCATALOG_COMPILER_GLOBAL_ACCENT_COLOR_NAME = AccentColor;
				CODE_SIGN_STYLE = Automatic;
				CURRENT_PROJECT_VERSION = 1;
				DEVELOPMENT_TEAM = 862P2X6G9G;
				ENABLE_PREVIEWS = YES;
				GENERATE_INFOPLIST_FILE = YES;
				INFOPLIST_KEY_UIApplicationSceneManifest_Generation = YES;
				INFOPLIST_KEY_UIApplicationSupportsIndirectInputEvents = YES;
				INFOPLIST_KEY_UILaunchScreen_Generation = YES;
				INFOPLIST_KEY_UISupportedInterfaceOrientations_iPad = "UIInterfaceOrientationPortrait UIInterfaceOrientationPortraitUpsideDown UIInterfaceOrientationLandscapeLeft UIInterfaceOrientationLandscapeRight";
				INFOPLIST_KEY_UISupportedInterfaceOrientations_iPhone = "UIInterfaceOrientationPortrait UIInterfaceOrientationLandscapeLeft UIInterfaceOrientationLandscapeRight";
				IPHONEOS_DEPLOYMENT_TARGET = 15.5;
				LD_RUNPATH_SEARCH_PATHS = (
					"$(inherited)",
					"@executable_path/Frameworks",
				);
				MARKETING_VERSION = 1.0;
				PRODUCT_BUNDLE_IDENTIFIER = me.kim.jinwook.SpaceTourismMultiPageWebsite;
				PRODUCT_NAME = "Space Tourism Multi Page Website";
				SDKROOT = iphoneos;
				SWIFT_EMIT_LOC_STRINGS = YES;
				SWIFT_VERSION = 5.0;
				TARGETED_DEVICE_FAMILY = "1,2";
			};
			name = Debug;
		};
		9021EA2D287123BD000E3132 /* Release */ = {
			isa = XCBuildConfiguration;
			buildSettings = {
				ASSETCATALOG_COMPILER_APPICON_NAME = AppIcon;
				ASSETCATALOG_COMPILER_GLOBAL_ACCENT_COLOR_NAME = AccentColor;
				CODE_SIGN_STYLE = Automatic;
				CURRENT_PROJECT_VERSION = 1;
				DEVELOPMENT_TEAM = 862P2X6G9G;
				ENABLE_PREVIEWS = YES;
				GENERATE_INFOPLIST_FILE = YES;
				INFOPLIST_KEY_UIApplicationSceneManifest_Generation = YES;
				INFOPLIST_KEY_UIApplicationSupportsIndirectInputEvents = YES;
				INFOPLIST_KEY_UILaunchScreen_Generation = YES;
				INFOPLIST_KEY_UISupportedInterfaceOrientations_iPad = "UIInterfaceOrientationPortrait UIInterfaceOrientationPortraitUpsideDown UIInterfaceOrientationLandscapeLeft UIInterfaceOrientationLandscapeRight";
				INFOPLIST_KEY_UISupportedInterfaceOrientations_iPhone = "UIInterfaceOrientationPortrait UIInterfaceOrientationLandscapeLeft UIInterfaceOrientationLandscapeRight";
				IPHONEOS_DEPLOYMENT_TARGET = 15.5;
				LD_RUNPATH_SEARCH_PATHS = (
					"$(inherited)",
					"@executable_path/Frameworks",
				);
				MARKETING_VERSION = 1.0;
				PRODUCT_BUNDLE_IDENTIFIER = me.kim.jinwook.SpaceTourismMultiPageWebsite;
				PRODUCT_NAME = "Space Tourism Multi Page Website";
				SDKROOT = iphoneos;
				SWIFT_EMIT_LOC_STRINGS = YES;
				SWIFT_VERSION = 5.0;
				TARGETED_DEVICE_FAMILY = "1,2";
				VALIDATE_PRODUCT = YES;
			};
			name = Release;
		};
		9021EA2F287123BD000E3132 /* Debug */ = {
			isa = XCBuildConfiguration;
			buildSettings = {
				ASSETCATALOG_COMPILER_APPICON_NAME = AppIcon;
				ASSETCATALOG_COMPILER_GLOBAL_ACCENT_COLOR_NAME = AccentColor;
				CODE_SIGN_ENTITLEMENTS = macOS/macOS.entitlements;
				CODE_SIGN_STYLE = Automatic;
				COMBINE_HIDPI_IMAGES = YES;
				CURRENT_PROJECT_VERSION = 1;
				DEVELOPMENT_TEAM = 862P2X6G9G;
				ENABLE_HARDENED_RUNTIME = YES;
				ENABLE_PREVIEWS = YES;
				GENERATE_INFOPLIST_FILE = YES;
				INFOPLIST_KEY_NSHumanReadableCopyright = "";
				LD_RUNPATH_SEARCH_PATHS = (
					"$(inherited)",
					"@executable_path/../Frameworks",
				);
				MACOSX_DEPLOYMENT_TARGET = 12.3;
				MARKETING_VERSION = 1.0;
				PRODUCT_BUNDLE_IDENTIFIER = me.kim.jinwook.SpaceTourismMultiPageWebsite;
				PRODUCT_NAME = "Space Tourism Multi Page Website";
				SDKROOT = macosx;
				SWIFT_EMIT_LOC_STRINGS = YES;
				SWIFT_VERSION = 5.0;
			};
			name = Debug;
		};
		9021EA30287123BD000E3132 /* Release */ = {
			isa = XCBuildConfiguration;
			buildSettings = {
				ASSETCATALOG_COMPILER_APPICON_NAME = AppIcon;
				ASSETCATALOG_COMPILER_GLOBAL_ACCENT_COLOR_NAME = AccentColor;
				CODE_SIGN_ENTITLEMENTS = macOS/macOS.entitlements;
				CODE_SIGN_STYLE = Automatic;
				COMBINE_HIDPI_IMAGES = YES;
				CURRENT_PROJECT_VERSION = 1;
				DEVELOPMENT_TEAM = 862P2X6G9G;
				ENABLE_HARDENED_RUNTIME = YES;
				ENABLE_PREVIEWS = YES;
				GENERATE_INFOPLIST_FILE = YES;
				INFOPLIST_KEY_NSHumanReadableCopyright = "";
				LD_RUNPATH_SEARCH_PATHS = (
					"$(inherited)",
					"@executable_path/../Frameworks",
				);
				MACOSX_DEPLOYMENT_TARGET = 12.3;
				MARKETING_VERSION = 1.0;
				PRODUCT_BUNDLE_IDENTIFIER = me.kim.jinwook.SpaceTourismMultiPageWebsite;
				PRODUCT_NAME = "Space Tourism Multi Page Website";
				SDKROOT = macosx;
				SWIFT_EMIT_LOC_STRINGS = YES;
				SWIFT_VERSION = 5.0;
			};
			name = Release;
		};
/* End XCBuildConfiguration section */

/* Begin XCConfigurationList section */
		9021EA11287123BC000E3132 /* Build configuration list for PBXProject "Space Tourism Multi Page Website" */ = {
			isa = XCConfigurationList;
			buildConfigurations = (
				9021EA29287123BD000E3132 /* Debug */,
				9021EA2A287123BD000E3132 /* Release */,
			);
			defaultConfigurationIsVisible = 0;
			defaultConfigurationName = Release;
		};
		9021EA2B287123BD000E3132 /* Build configuration list for PBXNativeTarget "Space Tourism Multi Page Website (iOS)" */ = {
			isa = XCConfigurationList;
			buildConfigurations = (
				9021EA2C287123BD000E3132 /* Debug */,
				9021EA2D287123BD000E3132 /* Release */,
			);
			defaultConfigurationIsVisible = 0;
			defaultConfigurationName = Release;
		};
		9021EA2E287123BD000E3132 /* Build configuration list for PBXNativeTarget "Space Tourism Multi Page Website (macOS)" */ = {
			isa = XCConfigurationList;
			buildConfigurations = (
				9021EA2F287123BD000E3132 /* Debug */,
				9021EA30287123BD000E3132 /* Release */,
			);
			defaultConfigurationIsVisible = 0;
			defaultConfigurationName = Release;
		};
/* End XCConfigurationList section */
	};
	rootObject = 9021EA0E287123BC000E3132 /* Project object */;
}
